
Microsoft Visual Studio Solution File, Format Version 12.00
# Visual Studio Version 17
VisualStudioVersion = 17.11.35222.181
MinimumVisualStudioVersion = 10.0.40219.1
Project("{8BC9CEB8-8B4A-11D0-8D11-00A0C91BC942}") = "ProvesPongSFML", "ProvesPongSFML.vcxproj", "{CCCA39E3-E382-4B5D-891C-B60EC140B75E}"
EndProject
Global
	GlobalSection(SolutionConfigurationPlatforms) = preSolution
		Debug|x64 = Debug|x64
		Debug|x86 = Debug|x86
		Release|x64 = Release|x64
		Release|x86 = Release|x86
	EndGlobalSection
	GlobalSection(ProjectConfigurationPlatforms) = postSolution
		{CCCA39E3-E382-4B5D-891C-B60EC140B75E}.Debug|x64.ActiveCfg = Debug|x64
		{CCCA39E3-E382-4B5D-891C-B60EC140B75E}.Debug|x64.Build.0 = Debug|x64
		{CCCA39E3-E382-4B5D-891C-B60EC140B75E}.Debug|x86.ActiveCfg = Debug|Win32
		{CCCA39E3-E382-4B5D-891C-B60EC140B75E}.Debug|x86.Build.0 = Debug|Win32
		{CCCA39E3-E382-4B5D-891C-B60EC140B75E}.Release|x64.ActiveCfg = Release|x64
		{CCCA39E3-E382-4B5D-891C-B60EC140B75E}.Release|x64.Build.0 = Release|x64
		{CCCA39E3-E382-4B5D-891C-B60EC140B75E}.Release|x86.ActiveCfg = Release|Win32
		{CCCA39E3-E382-4B5D-891C-B60EC140B75E}.Release|x86.Build.0 = Release|Win32
	EndGlobalSection
	GlobalSection(SolutionProperties) = preSolution
		HideSolutionNode = FALSE
	EndGlobalSection
	GlobalSection(ExtensibilityGlobals) = postSolution
		SolutionGuid = {4AC7198D-DEFF-40B7-87E1-82C147CC972D}
	EndGlobalSection
EndGlobal
